
Microsoft Visual Studio Solution File, Format Version 12.00
Project("{FAE04EC0-301F-11D3-BF4B-00C04F79EFBC}") = "Evo", "Evo\Evo.csproj", "{9452A578-8EE3-4919-BB20-E90E90A3027F}"
EndProject
Global
	GlobalSection(SolutionConfigurationPlatforms) = preSolution
		Debug|Any CPU = Debug|Any CPU
		Release|Any CPU = Release|Any CPU
	EndGlobalSection
	GlobalSection(ProjectConfigurationPlatforms) = postSolution
		{9452A578-8EE3-4919-BB20-E90E90A3027F}.Debug|Any CPU.ActiveCfg = Debug|Any CPU
		{9452A578-8EE3-4919-BB20-E90E90A3027F}.Debug|Any CPU.Build.0 = Debug|Any CPU
		{9452A578-8EE3-4919-BB20-E90E90A3027F}.Release|Any CPU.ActiveCfg = Release|Any CPU
		{9452A578-8EE3-4919-BB20-E90E90A3027F}.Release|Any CPU.Build.0 = Release|Any CPU
	EndGlobalSection
EndGlobal
